<?xml version="1.0" encoding="utf-8"?>
<Project ToolsVersion="4.0" xmlns="http://schemas.microsoft.com/developer/msbuild/2003">
  <ItemGroup>
    <Filter Include="EnumEnumerator">
      <UniqueIdentifier>{862e4f7d-a3b7-4c04-b077-439639572b8c}</UniqueIdentifier>
    </Filter>
    <Filter Include="Property">
      <UniqueIdentifier>{1744dcfb-edbe-4f6b-ae41-1642bbbab26e}</UniqueIdentifier>
    </Filter>
    <Filter Include="TypeTrait">
      <UniqueIdentifier>{cc25f8e9-48a0-4d35-9bfd-19136ee346d4}</UniqueIdentifier>
    </Filter>
    <Filter Include="Math">
      <UniqueIdentifier>{a2e8661b-a9da-4ea1-aae8-e0cf6d9ff8d2}</UniqueIdentifier>
    </Filter>
    <Filter Include="Natvis">
      <UniqueIdentifier>{ee6522df-dafb-401b-8324-a62dbf9be1ed}</UniqueIdentifier>
    </Filter>
    <Filter Include="Inheritance">
      <UniqueIdentifier>{c6c81413-b2bf-4087-a5d2-f59a7583c6d4}</UniqueIdentifier>
    </Filter>
    <Filter Include="Functional">
      <UniqueIdentifier>{2ce51f49-7288-434b-92e5-1859f84eed61}</UniqueIdentifier>
    </Filter>
  </ItemGroup>
  <ItemGroup>
    <ClInclude Include="include\EnumEnumerator.h">
      <Filter>EnumEnumerator</Filter>
    </ClInclude>
    <ClInclude Include="include\Property.h">
      <Filter>Property</Filter>
    </ClInclude>
    <ClInclude Include="include\PointerDataType.h">
      <Filter>TypeTrait</Filter>
    </ClInclude>
    <ClInclude Include="include\IsPointer.h">
      <Filter>TypeTrait</Filter>
    </ClInclude>
    <ClInclude Include="include\MathVector.h">
      <Filter>Math</Filter>
    </ClInclude>
    <ClInclude Include="include\InheritanceAccessibility.h">
      <Filter>Inheritance</Filter>
    </ClInclude>
    <ClInclude Include="include\Functional.h">
      <Filter>Functional</Filter>
    </ClInclude>
  </ItemGroup>
  <ItemGroup>
    <Natvis Include="natvis\Property.natvis">
      <Filter>Natvis</Filter>
    </Natvis>
    <Natvis Include="natvis\MathVector.natvis">
      <Filter>Natvis</Filter>
    </Natvis>
  </ItemGroup>
</Project>