<?xml version="1.0" encoding="utf-8"?>
<Project ToolsVersion="4.0" xmlns="http://schemas.microsoft.com/developer/msbuild/2003">
  <ItemGroup>
    <Filter Include="EnumEnumerator">
      <UniqueIdentifier>{862e4f7d-a3b7-4c04-b077-439639572b8c}</UniqueIdentifier>
    </Filter>
    <Filter Include="Property">
      <UniqueIdentifier>{1744dcfb-edbe-4f6b-ae41-1642bbbab26e}</UniqueIdentifier>
    </Filter>
    <Filter Include="TypeTrait">
      <UniqueIdentifier>{cc25f8e9-48a0-4d35-9bfd-19136ee346d4}</UniqueIdentifier>
    </Filter>
  </ItemGroup>
  <ItemGroup>
    <ClInclude Include="include\EnumEnumerator.h">
      <Filter>EnumEnumerator</Filter>
    </ClInclude>
    <ClInclude Include="include\Property.h">
      <Filter>Property</Filter>
    </ClInclude>
    <ClInclude Include="include\PointerDataType.h">
      <Filter>TypeTrait</Filter>
    </ClInclude>
    <ClInclude Include="include\VoidTemplate.h">
      <Filter>TypeTrait</Filter>
    </ClInclude>
    <ClInclude Include="include\IsPointer.h">
      <Filter>TypeTrait</Filter>
    </ClInclude>
  </ItemGroup>
</Project>