<?xml version="1.0" encoding="utf-8"?>
<Project ToolsVersion="4.0" xmlns="http://schemas.microsoft.com/developer/msbuild/2003">
  <ItemGroup>
    <Filter Include="Header Files">
      <UniqueIdentifier>{93995380-89BD-4b04-88EB-625FBE52EBFB}</UniqueIdentifier>
      <Extensions>h;hh;hpp;hxx;hm;inl;inc;xsd</Extensions>
    </Filter>
    <Filter Include="Helper">
      <UniqueIdentifier>{722f9d31-ddf5-4fc3-aab4-e787e9a6b9d4}</UniqueIdentifier>
    </Filter>
    <Filter Include="PCH">
      <UniqueIdentifier>{18ac622c-b9b0-44ed-a324-a2822b9daecd}</UniqueIdentifier>
    </Filter>
    <Filter Include="Test">
      <UniqueIdentifier>{3a7b87c7-d3e9-406b-b259-f8efca7ff0ae}</UniqueIdentifier>
    </Filter>
  </ItemGroup>
  <ItemGroup>
    <ClInclude Include="pch\stdafx.h">
      <Filter>PCH</Filter>
    </ClInclude>
    <ClInclude Include="include\HelperFunction.h">
      <Filter>Helper</Filter>
    </ClInclude>
    <ClInclude Include="include\targetver.h">
      <Filter>Header Files</Filter>
    </ClInclude>
  </ItemGroup>
  <ItemGroup>
    <ClCompile Include="pch\stdafx.cpp">
      <Filter>PCH</Filter>
    </ClCompile>
    <ClCompile Include="src\pointer_test.cpp">
      <Filter>Test</Filter>
    </ClCompile>
    <ClCompile Include="src\property_test.cpp">
      <Filter>Test</Filter>
    </ClCompile>
    <ClCompile Include="src\enum_enumerator_test.cpp">
      <Filter>Test</Filter>
    </ClCompile>
    <ClCompile Include="src\HelperFunction.cpp">
      <Filter>Helper</Filter>
    </ClCompile>
  </ItemGroup>
</Project>